<?xml version="1.0" encoding="utf-8"?>
<Project ToolsVersion="4.0" xmlns="http://schemas.microsoft.com/developer/msbuild/2003">
  <ItemGroup>
    <Filter Include="Driver Files">
      <UniqueIdentifier>{8E41214B-6785-4CFE-B992-037D68949A14}</UniqueIdentifier>
      <Extensions>inf;inv;inx;mof;mc;</Extensions>
    </Filter>
    <Filter Include="Source Files">
      <UniqueIdentifier>{4FC737F1-C7A5-4376-A066-2A32D752A2FF}</UniqueIdentifier>
      <Extensions>cpp;c;cc;cxx;def;odl;idl;hpj;bat;asm;asmx</Extensions>
    </Filter>
    <Filter Include="Header Files">
      <UniqueIdentifier>{93995380-89BD-4b04-88EB-625FBE52EBFB}</UniqueIdentifier>
      <Extensions>h;hh;hpp;hxx;hm;inl;inc;xsd</Extensions>
    </Filter>
    <Filter Include="Source Files\hw">
      <UniqueIdentifier>{11111111-1111-1111-1111-111111111111}</UniqueIdentifier>
    </Filter>
    <Filter Include="Source Files\diag">
      <UniqueIdentifier>{22222222-2222-2222-2222-222222222222}</UniqueIdentifier>
    </Filter>
  </ItemGroup>
  <ItemGroup>
    <ClCompile Include="WinMaliDriver.c">
      <Filter>Source Files</Filter>
    </ClCompile>
    <ClCompile Include="hw\WinMaliHw.c">
      <Filter>Source Files\hw</Filter>
    </ClCompile>
    <ClCompile Include="diag\WinMaliDiag.c">
      <Filter>Source Files\diag</Filter>
    </ClCompile>
  </ItemGroup>
  <ItemGroup>
    <ClInclude Include="WinMaliKmd.h">
      <Filter>Header Files</Filter>
    </ClInclude>
    <ClInclude Include="hw\WinMaliHw.h">
      <Filter>Header Files</Filter>
    </ClInclude>
    <ClInclude Include="diag\WinMaliDiag.h">
      <Filter>Header Files</Filter>
    </ClInclude>
    <ClInclude Include="..\Shared\WinMaliCommon.h">
      <Filter>Header Files</Filter>
    </ClInclude>
    <ClInclude Include="..\Shaders\winmali_shader_programs.h">
      <Filter>Header Files</Filter>
    </ClInclude>
  </ItemGroup>
  <ItemGroup>
    <Inf Include="WinMaliKmd.inx">
      <Filter>Driver Files</Filter>
    </Inf>
  </ItemGroup>
</Project>
